
Microsoft Visual Studio Solution File, Format Version 12.00
# Visual Studio Version 17
VisualStudioVersion = 17.4.33110.190
MinimumVisualStudioVersion = 10.0.40219.1
Project("{9A19103F-16F7-4668-BE54-9A1E7A4F7556}") = "MedianaMediaModa", "MedianaMediaModa\MedianaMediaModa.csproj", "{4201F705-B462-4765-AB0D-18A4C3D6A91B}"
EndProject
Project("{9A19103F-16F7-4668-BE54-9A1E7A4F7556}") = "EncontrarDuplicados", "EncontrarDuplicados\EncontrarDuplicados.csproj", "{330D5C34-E91E-41A5-9FDD-13605FAD60B3}"
EndProject
Project("{FAE04EC0-301F-11D3-BF4B-00C04F79EFBC}") = "Test", "Test\Test.csproj", "{5B15C097-97A6-4C49-A98A-B89413D945A3}"
EndProject
Project("{FAE04EC0-301F-11D3-BF4B-00C04F79EFBC}") = "LoginSystem", "LoginSystem\LoginSystem.csproj", "{116361A9-2675-4B45-BD54-1E5BB4CF60FE}"
EndProject
Global
	GlobalSection(SolutionConfigurationPlatforms) = preSolution
		Debug|Any CPU = Debug|Any CPU
		Release|Any CPU = Release|Any CPU
	EndGlobalSection
	GlobalSection(ProjectConfigurationPlatforms) = postSolution
		{4201F705-B462-4765-AB0D-18A4C3D6A91B}.Debug|Any CPU.ActiveCfg = Debug|Any CPU
		{4201F705-B462-4765-AB0D-18A4C3D6A91B}.Debug|Any CPU.Build.0 = Debug|Any CPU
		{4201F705-B462-4765-AB0D-18A4C3D6A91B}.Release|Any CPU.ActiveCfg = Release|Any CPU
		{4201F705-B462-4765-AB0D-18A4C3D6A91B}.Release|Any CPU.Build.0 = Release|Any CPU
		{330D5C34-E91E-41A5-9FDD-13605FAD60B3}.Debug|Any CPU.ActiveCfg = Debug|Any CPU
		{330D5C34-E91E-41A5-9FDD-13605FAD60B3}.Debug|Any CPU.Build.0 = Debug|Any CPU
		{330D5C34-E91E-41A5-9FDD-13605FAD60B3}.Release|Any CPU.ActiveCfg = Release|Any CPU
		{330D5C34-E91E-41A5-9FDD-13605FAD60B3}.Release|Any CPU.Build.0 = Release|Any CPU
		{5B15C097-97A6-4C49-A98A-B89413D945A3}.Debug|Any CPU.ActiveCfg = Debug|Any CPU
		{5B15C097-97A6-4C49-A98A-B89413D945A3}.Debug|Any CPU.Build.0 = Debug|Any CPU
		{5B15C097-97A6-4C49-A98A-B89413D945A3}.Release|Any CPU.ActiveCfg = Release|Any CPU
		{5B15C097-97A6-4C49-A98A-B89413D945A3}.Release|Any CPU.Build.0 = Release|Any CPU
		{116361A9-2675-4B45-BD54-1E5BB4CF60FE}.Debug|Any CPU.ActiveCfg = Debug|Any CPU
		{116361A9-2675-4B45-BD54-1E5BB4CF60FE}.Debug|Any CPU.Build.0 = Debug|Any CPU
		{116361A9-2675-4B45-BD54-1E5BB4CF60FE}.Release|Any CPU.ActiveCfg = Release|Any CPU
		{116361A9-2675-4B45-BD54-1E5BB4CF60FE}.Release|Any CPU.Build.0 = Release|Any CPU
	EndGlobalSection
	GlobalSection(SolutionProperties) = preSolution
		HideSolutionNode = FALSE
	EndGlobalSection
	GlobalSection(ExtensibilityGlobals) = postSolution
		SolutionGuid = {78B0AAF8-25F9-4F2F-888D-E5799D305D90}
	EndGlobalSection
EndGlobal
