
Microsoft Visual Studio Solution File, Format Version 12.00
# Visual Studio Version 17
VisualStudioVersion = 17.4.33110.190
MinimumVisualStudioVersion = 10.0.40219.1
Project("{9A19103F-16F7-4668-BE54-9A1E7A4F7556}") = "MedianaMediaModa", "MedianaMediaModa\MedianaMediaModa.csproj", "{4201F705-B462-4765-AB0D-18A4C3D6A91B}"
EndProject
Project("{9A19103F-16F7-4668-BE54-9A1E7A4F7556}") = "EncontrarDuplicados", "EncontrarDuplicados\EncontrarDuplicados.csproj", "{330D5C34-E91E-41A5-9FDD-13605FAD60B3}"
EndProject
Project("{9A19103F-16F7-4668-BE54-9A1E7A4F7556}") = "Test", "Test\Test.csproj", "{5B15C097-97A6-4C49-A98A-B89413D945A3}"
EndProject
Project("{9A19103F-16F7-4668-BE54-9A1E7A4F7556}") = "LoginSystem", "LoginSystem\LoginSystem.csproj", "{116361A9-2675-4B45-BD54-1E5BB4CF60FE}"
EndProject
Project("{9A19103F-16F7-4668-BE54-9A1E7A4F7556}") = "MineSweeper", "MineSweeper\MineSweeper.csproj", "{F0C54F9F-AAC3-4E54-9475-1CC542861587}"
EndProject
Project("{9A19103F-16F7-4668-BE54-9A1E7A4F7556}") = "JerarquiaFiguras", "JerarquiaFiguras\JerarquiaFiguras.csproj", "{3A508502-B2E7-4878-8638-EB8B4182AD62}"
EndProject
Project("{9A19103F-16F7-4668-BE54-9A1E7A4F7556}") = "PcParts", "PcParts\PcParts.csproj", "{FADDE44E-FEA8-477D-9BBA-D75DD28F9A9D}"
EndProject
Project("{9A19103F-16F7-4668-BE54-9A1E7A4F7556}") = "DirectoryFiler", "DirectoryFiler\DirectoryFiler.csproj", "{15BE97B6-6180-452C-89E6-50304FB67592}"
EndProject
Project("{9A19103F-16F7-4668-BE54-9A1E7A4F7556}") = "LinkChecker", "LinkChecker\LinkChecker.csproj", "{27986D7E-413C-4879-8486-23D4DBAB9872}"
EndProject
Project("{9A19103F-16F7-4668-BE54-9A1E7A4F7556}") = "API_Actividades", "API_Actividades\API_Actividades.csproj", "{41671F49-7723-43D9-82CE-F05EABCCEBC2}"
EndProject
Project("{FAE04EC0-301F-11D3-BF4B-00C04F79EFBC}") = "HanoiTowers", "HanoiTowers\HanoiTowers.csproj", "{FB1DA921-D8C6-4EAF-8A75-24871EC72C4B}"
EndProject
Global
	GlobalSection(SolutionConfigurationPlatforms) = preSolution
		Debug|Any CPU = Debug|Any CPU
		Release|Any CPU = Release|Any CPU
	EndGlobalSection
	GlobalSection(ProjectConfigurationPlatforms) = postSolution
		{4201F705-B462-4765-AB0D-18A4C3D6A91B}.Debug|Any CPU.ActiveCfg = Debug|Any CPU
		{4201F705-B462-4765-AB0D-18A4C3D6A91B}.Debug|Any CPU.Build.0 = Debug|Any CPU
		{4201F705-B462-4765-AB0D-18A4C3D6A91B}.Release|Any CPU.ActiveCfg = Release|Any CPU
		{4201F705-B462-4765-AB0D-18A4C3D6A91B}.Release|Any CPU.Build.0 = Release|Any CPU
		{330D5C34-E91E-41A5-9FDD-13605FAD60B3}.Debug|Any CPU.ActiveCfg = Debug|Any CPU
		{330D5C34-E91E-41A5-9FDD-13605FAD60B3}.Debug|Any CPU.Build.0 = Debug|Any CPU
		{330D5C34-E91E-41A5-9FDD-13605FAD60B3}.Release|Any CPU.ActiveCfg = Release|Any CPU
		{330D5C34-E91E-41A5-9FDD-13605FAD60B3}.Release|Any CPU.Build.0 = Release|Any CPU
		{5B15C097-97A6-4C49-A98A-B89413D945A3}.Debug|Any CPU.ActiveCfg = Debug|Any CPU
		{5B15C097-97A6-4C49-A98A-B89413D945A3}.Debug|Any CPU.Build.0 = Debug|Any CPU
		{5B15C097-97A6-4C49-A98A-B89413D945A3}.Release|Any CPU.ActiveCfg = Release|Any CPU
		{5B15C097-97A6-4C49-A98A-B89413D945A3}.Release|Any CPU.Build.0 = Release|Any CPU
		{116361A9-2675-4B45-BD54-1E5BB4CF60FE}.Debug|Any CPU.ActiveCfg = Debug|Any CPU
		{116361A9-2675-4B45-BD54-1E5BB4CF60FE}.Debug|Any CPU.Build.0 = Debug|Any CPU
		{116361A9-2675-4B45-BD54-1E5BB4CF60FE}.Release|Any CPU.ActiveCfg = Release|Any CPU
		{116361A9-2675-4B45-BD54-1E5BB4CF60FE}.Release|Any CPU.Build.0 = Release|Any CPU
		{F0C54F9F-AAC3-4E54-9475-1CC542861587}.Debug|Any CPU.ActiveCfg = Debug|Any CPU
		{F0C54F9F-AAC3-4E54-9475-1CC542861587}.Debug|Any CPU.Build.0 = Debug|Any CPU
		{F0C54F9F-AAC3-4E54-9475-1CC542861587}.Release|Any CPU.ActiveCfg = Release|Any CPU
		{F0C54F9F-AAC3-4E54-9475-1CC542861587}.Release|Any CPU.Build.0 = Release|Any CPU
		{3A508502-B2E7-4878-8638-EB8B4182AD62}.Debug|Any CPU.ActiveCfg = Debug|Any CPU
		{3A508502-B2E7-4878-8638-EB8B4182AD62}.Debug|Any CPU.Build.0 = Debug|Any CPU
		{3A508502-B2E7-4878-8638-EB8B4182AD62}.Release|Any CPU.ActiveCfg = Release|Any CPU
		{3A508502-B2E7-4878-8638-EB8B4182AD62}.Release|Any CPU.Build.0 = Release|Any CPU
		{FADDE44E-FEA8-477D-9BBA-D75DD28F9A9D}.Debug|Any CPU.ActiveCfg = Debug|Any CPU
		{FADDE44E-FEA8-477D-9BBA-D75DD28F9A9D}.Debug|Any CPU.Build.0 = Debug|Any CPU
		{FADDE44E-FEA8-477D-9BBA-D75DD28F9A9D}.Release|Any CPU.ActiveCfg = Release|Any CPU
		{FADDE44E-FEA8-477D-9BBA-D75DD28F9A9D}.Release|Any CPU.Build.0 = Release|Any CPU
		{15BE97B6-6180-452C-89E6-50304FB67592}.Debug|Any CPU.ActiveCfg = Debug|Any CPU
		{15BE97B6-6180-452C-89E6-50304FB67592}.Debug|Any CPU.Build.0 = Debug|Any CPU
		{15BE97B6-6180-452C-89E6-50304FB67592}.Release|Any CPU.ActiveCfg = Release|Any CPU
		{15BE97B6-6180-452C-89E6-50304FB67592}.Release|Any CPU.Build.0 = Release|Any CPU
		{27986D7E-413C-4879-8486-23D4DBAB9872}.Debug|Any CPU.ActiveCfg = Debug|Any CPU
		{27986D7E-413C-4879-8486-23D4DBAB9872}.Debug|Any CPU.Build.0 = Debug|Any CPU
		{27986D7E-413C-4879-8486-23D4DBAB9872}.Release|Any CPU.ActiveCfg = Release|Any CPU
		{27986D7E-413C-4879-8486-23D4DBAB9872}.Release|Any CPU.Build.0 = Release|Any CPU
		{41671F49-7723-43D9-82CE-F05EABCCEBC2}.Debug|Any CPU.ActiveCfg = Debug|Any CPU
		{41671F49-7723-43D9-82CE-F05EABCCEBC2}.Debug|Any CPU.Build.0 = Debug|Any CPU
		{41671F49-7723-43D9-82CE-F05EABCCEBC2}.Release|Any CPU.ActiveCfg = Release|Any CPU
		{41671F49-7723-43D9-82CE-F05EABCCEBC2}.Release|Any CPU.Build.0 = Release|Any CPU
		{FB1DA921-D8C6-4EAF-8A75-24871EC72C4B}.Debug|Any CPU.ActiveCfg = Debug|Any CPU
		{FB1DA921-D8C6-4EAF-8A75-24871EC72C4B}.Debug|Any CPU.Build.0 = Debug|Any CPU
		{FB1DA921-D8C6-4EAF-8A75-24871EC72C4B}.Release|Any CPU.ActiveCfg = Release|Any CPU
		{FB1DA921-D8C6-4EAF-8A75-24871EC72C4B}.Release|Any CPU.Build.0 = Release|Any CPU
	EndGlobalSection
	GlobalSection(SolutionProperties) = preSolution
		HideSolutionNode = FALSE
	EndGlobalSection
	GlobalSection(ExtensibilityGlobals) = postSolution
		SolutionGuid = {78B0AAF8-25F9-4F2F-888D-E5799D305D90}
	EndGlobalSection
EndGlobal
